
Microsoft Visual Studio Solution File, Format Version 10.00
# Visual Studio 2008
Project("{8BC9CEB8-8B4A-11D0-8D11-00A0C91BC942}") = "node_parser", "node_parser\node_parser.vcproj", "{CC281997-7530-4D0D-B3CF-EA63EEC9E27A}"
	ProjectSection(ProjectDependencies) = postProject
		{1A019E65-69B5-42AB-A5B7-E4102A7E7AD9} = {1A019E65-69B5-42AB-A5B7-E4102A7E7AD9}
		{17C1786A-B9C4-45EA-BD25-D7B09D2A125D} = {17C1786A-B9C4-45EA-BD25-D7B09D2A125D}
	EndProjectSection
EndProject
Project("{8BC9CEB8-8B4A-11D0-8D11-00A0C91BC942}") = "json", "json\json\json.vcproj", "{17C1786A-B9C4-45EA-BD25-D7B09D2A125D}"
EndProject
Project("{8BC9CEB8-8B4A-11D0-8D11-00A0C91BC942}") = "tinyxml", "tinyxml\tinyxml.vcproj", "{1A019E65-69B5-42AB-A5B7-E4102A7E7AD9}"
EndProject
Global
	GlobalSection(SolutionConfigurationPlatforms) = preSolution
		Debug|Win32 = Debug|Win32
		Release|Win32 = Release|Win32
	EndGlobalSection
	GlobalSection(ProjectConfigurationPlatforms) = postSolution
		{CC281997-7530-4D0D-B3CF-EA63EEC9E27A}.Debug|Win32.ActiveCfg = Debug|Win32
		{CC281997-7530-4D0D-B3CF-EA63EEC9E27A}.Debug|Win32.Build.0 = Debug|Win32
		{CC281997-7530-4D0D-B3CF-EA63EEC9E27A}.Release|Win32.ActiveCfg = Release|Win32
		{CC281997-7530-4D0D-B3CF-EA63EEC9E27A}.Release|Win32.Build.0 = Release|Win32
		{17C1786A-B9C4-45EA-BD25-D7B09D2A125D}.Debug|Win32.ActiveCfg = Debug|Win32
		{17C1786A-B9C4-45EA-BD25-D7B09D2A125D}.Debug|Win32.Build.0 = Debug|Win32
		{17C1786A-B9C4-45EA-BD25-D7B09D2A125D}.Release|Win32.ActiveCfg = Release|Win32
		{17C1786A-B9C4-45EA-BD25-D7B09D2A125D}.Release|Win32.Build.0 = Release|Win32
		{1A019E65-69B5-42AB-A5B7-E4102A7E7AD9}.Debug|Win32.ActiveCfg = Debug|Win32
		{1A019E65-69B5-42AB-A5B7-E4102A7E7AD9}.Debug|Win32.Build.0 = Debug|Win32
		{1A019E65-69B5-42AB-A5B7-E4102A7E7AD9}.Release|Win32.ActiveCfg = Release|Win32
		{1A019E65-69B5-42AB-A5B7-E4102A7E7AD9}.Release|Win32.Build.0 = Release|Win32
	EndGlobalSection
	GlobalSection(SolutionProperties) = preSolution
		HideSolutionNode = FALSE
	EndGlobalSection
EndGlobal
